// !$*UTF8*$!
{
	archiveVersion = 1;
	classes = {
	};
	objectVersion = 46;
	objects = {

/* Begin PBXBuildFile section */
		ED0EAE981C128D5900D56DED /* AppDelegate.swift in Sources */ = {isa = PBXBuildFile; fileRef = ED0EAE971C128D5900D56DED /* AppDelegate.swift */; };
		ED0EAE9A1C128D5900D56DED /* ViewController.swift in Sources */ = {isa = PBXBuildFile; fileRef = ED0EAE991C128D5900D56DED /* ViewController.swift */; };
		ED0EAE9D1C128D5900D56DED /* Main.storyboard in Resources */ = {isa = PBXBuildFile; fileRef = ED0EAE9B1C128D5900D56DED /* Main.storyboard */; };
		ED0EAE9F1C128D5900D56DED /* Assets.xcassets in Resources */ = {isa = PBXBuildFile; fileRef = ED0EAE9E1C128D5900D56DED /* Assets.xcassets */; };
		ED0EAEA21C128D5900D56DED /* LaunchScreen.storyboard in Resources */ = {isa = PBXBuildFile; fileRef = ED0EAEA01C128D5900D56DED /* LaunchScreen.storyboard */; };
		ED0EAEAA1C128D8000D56DED /* Datos.swift in Sources */ = {isa = PBXBuildFile; fileRef = ED0EAEA91C128D8000D56DED /* Datos.swift */; };
/* End PBXBuildFile section */

/* Begin PBXFileReference section */
		ED0EAE941C128D5900D56DED /* HamburguesasEnElMundo.app */ = {isa = PBXFileReference; explicitFileType = wrapper.application; includeInIndex = 0; path = HamburguesasEnElMundo.app; sourceTree = BUILT_PRODUCTS_DIR; };
		ED0EAE971C128D5900D56DED /* AppDelegate.swift */ = {isa = PBXFileReference; lastKnownFileType = sourcecode.swift; path = AppDelegate.swift; sourceTree = "<group>"; };
		ED0EAE991C128D5900D56DED /* ViewController.swift */ = {isa = PBXFileReference; lastKnownFileType = sourcecode.swift; path = ViewController.swift; sourceTree = "<group>"; };
		ED0EAE9C1C128D5900D56DED /* Base */ = {isa = PBXFileReference; lastKnownFileType = file.storyboard; name = Base; path = Base.lproj/Main.storyboard; sourceTree = "<group>"; };
		ED0EAE9E1C128D5900D56DED /* Assets.xcassets */ = {isa = PBXFileReference; lastKnownFileType = folder.assetcatalog; path = Assets.xcassets; sourceTree = "<group>"; };
		ED0EAEA11C128D5900D56DED /* Base */ = {isa = PBXFileReference; lastKnownFileType = file.storyboard; name = Base; path = Base.lproj/LaunchScreen.storyboard; sourceTree = "<group>"; };
		ED0EAEA31C128D5900D56DED /* Info.plist */ = {isa = PBXFileReference; lastKnownFileType = text.plist.xml; path = Info.plist; sourceTree = "<group>"; };
		ED0EAEA91C128D8000D56DED /* Datos.swift */ = {isa = PBXFileReference; fileEncoding = 4; lastKnownFileType = sourcecode.swift; path = Datos.swift; sourceTree = "<group>"; };
/* End PBXFileReference section */

/* Begin PBXFrameworksBuildPhase section */
		ED0EAE911C128D5900D56DED /* Frameworks */ = {
			isa = PBXFrameworksBuildPhase;
			buildActionMask = 2147483647;
			files = (
			);
			runOnlyForDeploymentPostprocessing = 0;
		};
/* End PBXFrameworksBuildPhase section */

/* Begin PBXGroup section */
		ED0EAE8B1C128D5900D56DED = {
			isa = PBXGroup;
			children = (
				ED0EAE961C128D5900D56DED /* HamburguesasEnElMundo */,
				ED0EAE951C128D5900D56DED /* Products */,
			);
			sourceTree = "<group>";
		};
		ED0EAE951C128D5900D56DED /* Products */ = {
			isa = PBXGroup;
			children = (
				ED0EAE941C128D5900D56DED /* HamburguesasEnElMundo.app */,
			);
			name = Products;
			sourceTree = "<group>";
		};
		ED0EAE961C128D5900D56DED /* HamburguesasEnElMundo */ = {
			isa = PBXGroup;
			children = (
				ED0EAE971C128D5900D56DED /* AppDelegate.swift */,
				ED0EAE991C128D5900D56DED /* ViewController.swift */,
				ED0EAE9B1C128D5900D56DED /* Main.storyboard */,
				ED0EAE9E1C128D5900D56DED /* Assets.xcassets */,
				ED0EAEA01C128D5900D56DED /* LaunchScreen.storyboard */,
				ED0EAEA31C128D5900D56DED /* Info.plist */,
				ED0EAEA91C128D8000D56DED /* Datos.swift */,
			);
			path = HamburguesasEnElMundo;
			sourceTree = "<group>";
		};
/* End PBXGroup section */

/* Begin PBXNativeTarget section */
		ED0EAE931C128D5900D56DED /* HamburguesasEnElMundo */ = {
			isa = PBXNativeTarget;
			buildConfigurationList = ED0EAEA61C128D5900D56DED /* Build configuration list for PBXNativeTarget "HamburguesasEnElMundo" */;
			buildPhases = (
				ED0EAE901C128D5900D56DED /* Sources */,
				ED0EAE911C128D5900D56DED /* Frameworks */,
				ED0EAE921C128D5900D56DED /* Resources */,
			);
			buildRules = (
			);
			dependencies = (
			);
			name = HamburguesasEnElMundo;
			productName = HamburguesasEnElMundo;
			productReference = ED0EAE941C128D5900D56DED /* HamburguesasEnElMundo.app */;
			productType = "com.apple.product-type.application";
		};
/* End PBXNativeTarget section */

/* Begin PBXProject section */
		ED0EAE8C1C128D5900D56DED /* Project object */ = {
			isa = PBXProject;
			attributes = {
				LastSwiftUpdateCheck = 0720;
				LastUpgradeCheck = 0720;
				ORGANIZATIONNAME = "Fernando Renteria";
				TargetAttributes = {
					ED0EAE931C128D5900D56DED = {
						CreatedOnToolsVersion = 7.2;
					};
				};
			};
			buildConfigurationList = ED0EAE8F1C128D5900D56DED /* Build configuration list for PBXProject "HamburguesasEnElMundo" */;
			compatibilityVersion = "Xcode 3.2";
			developmentRegion = English;
			hasScannedForEncodings = 0;
			knownRegions = (
				en,
				Base,
			);
			mainGroup = ED0EAE8B1C128D5900D56DED;
			productRefGroup = ED0EAE951C128D5900D56DED /* Products */;
			projectDirPath = "";
			projectRoot = "";
			targets = (
				ED0EAE931C128D5900D56DED /* HamburguesasEnElMundo */,
			);
		};
/* End PBXProject section */

/* Begin PBXResourcesBuildPhase section */
		ED0EAE921C128D5900D56DED /* Resources */ = {
			isa = PBXResourcesBuildPhase;
			buildActionMask = 2147483647;
			files = (
				ED0EAEA21C128D5900D56DED /* LaunchScreen.storyboard in Resources */,
				ED0EAE9F1C128D5900D56DED /* Assets.xcassets in Resources */,
				ED0EAE9D1C128D5900D56DED /* Main.storyboard in Resources */,
			);
			runOnlyForDeploymentPostprocessing = 0;
		};
/* End PBXResourcesBuildPhase section */

/* Begin PBXSourcesBuildPhase section */
		ED0EAE901C128D5900D56DED /* Sources */ = {
			isa = PBXSourcesBuildPhase;
			buildActionMask = 2147483647;
			files = (
				ED0EAE9A1C128D5900D56DED /* ViewController.swift in Sources */,
				ED0EAE981C128D5900D56DED /* AppDelegate.swift in Sources */,
				ED0EAEAA1C128D8000D56DED /* Datos.swift in Sources */,
			);
			runOnlyForDeploymentPostprocessing = 0;
		};
/* End PBXSourcesBuildPhase section */

/* Begin PBXVariantGroup section */
		ED0EAE9B1C128D5900D56DED /* Main.storyboard */ = {
			isa = PBXVariantGroup;
			children = (
				ED0EAE9C1C128D5900D56DED /* Base */,
			);
			name = Main.storyboard;
			sourceTree = "<group>";
		};
		ED0EAEA01C128D5900D56DED /* LaunchScreen.storyboard */ = {
			isa = PBXVariantGroup;
			children = (
				ED0EAEA11C128D5900D56DED /* Base */,
			);
			name = LaunchScreen.storyboard;
			sourceTree = "<group>";
		};
/* End PBXVariantGroup section */

/* Begin XCBuildConfiguration section */
		ED0EAEA41C128D5900D56DED /* Debug */ = {
			isa = XCBuildConfiguration;
			buildSettings = {
				ALWAYS_SEARCH_USER_PATHS = NO;
				CLANG_CXX_LANGUAGE_STANDARD = "gnu++0x";
				CLANG_CXX_LIBRARY = "libc++";
				CLANG_ENABLE_MODULES = YES;
				CLANG_ENABLE_OBJC_ARC = YES;
				CLANG_WARN_BOOL_CONVERSION = YES;
				CLANG_WARN_CONSTANT_CONVERSION = YES;
				CLANG_WARN_DIRECT_OBJC_ISA_USAGE = YES_ERROR;
				CLANG_WARN_EMPTY_BODY = YES;
				CLANG_WARN_ENUM_CONVERSION = YES;
				CLANG_WARN_INT_CONVERSION = YES;
				CLANG_WARN_OBJC_ROOT_CLASS = YES_ERROR;
				CLANG_WARN_UNREACHABLE_CODE = YES;
				CLANG_WARN__DUPLICATE_METHOD_MATCH = YES;
				"CODE_SIGN_IDENTITY[sdk=iphoneos*]" = "iPhone Developer";
				COPY_PHASE_STRIP = NO;
				DEBUG_INFORMATION_FORMAT = dwarf;
				ENABLE_STRICT_OBJC_MSGSEND = YES;
				ENABLE_TESTABILITY = YES;
				GCC_C_LANGUAGE_STANDARD = gnu99;
				GCC_DYNAMIC_NO_PIC = NO;
				GCC_NO_COMMON_BLOCKS = YES;
				GCC_OPTIMIZATION_LEVEL = 0;
				GCC_PREPROCESSOR_DEFINITIONS = (
					"DEBUG=1",
					"$(inherited)",
				);
				GCC_WARN_64_TO_32_BIT_CONVERSION = YES;
				GCC_WARN_ABOUT_RETURN_TYPE = YES_ERROR;
				GCC_WARN_UNDECLARED_SELECTOR = YES;
				GCC_WARN_UNINITIALIZED_AUTOS = YES_AGGRESSIVE;
				GCC_WARN_UNUSED_FUNCTION = YES;
				GCC_WARN_UNUSED_VARIABLE = YES;
				IPHONEOS_DEPLOYMENT_TARGET = 9.2;
				MTL_ENABLE_DEBUG_INFO = YES;
				ONLY_ACTIVE_ARCH = YES;
				SDKROOT = iphoneos;
				SWIFT_OPTIMIZATION_LEVEL = "-Onone";
				TARGETED_DEVICE_FAMILY = "1,2";
			};
			name = Debug;
		};
		ED0EAEA51C128D5900D56DED /* Release */ = {
			isa = XCBuildConfiguration;
			buildSettings = {
				ALWAYS_SEARCH_USER_PATHS = NO;
				CLANG_CXX_LANGUAGE_STANDARD = "gnu++0x";
				CLANG_CXX_LIBRARY = "libc++";
				CLANG_ENABLE_MODULES = YES;
				CLANG_ENABLE_OBJC_ARC = YES;
				CLANG_WARN_BOOL_CONVERSION = YES;
				CLANG_WARN_CONSTANT_CONVERSION = YES;
				CLANG_WARN_DIRECT_OBJC_ISA_USAGE = YES_ERROR;
				CLANG_WARN_EMPTY_BODY = YES;
				CLANG_WARN_ENUM_CONVERSION = YES;
				CLANG_WARN_INT_CONVERSION = YES;
				CLANG_WARN_OBJC_ROOT_CLASS = YES_ERROR;
				CLANG_WARN_UNREACHABLE_CODE = YES;
				CLANG_WARN__DUPLICATE_METHOD_MATCH = YES;
				"CODE_SIGN_IDENTITY[sdk=iphoneos*]" = "iPhone Developer";
				COPY_PHASE_STRIP = NO;
				DEBUG_INFORMATION_FORMAT = "dwarf-with-dsym";
				ENABLE_NS_ASSERTIONS = NO;
				ENABLE_STRICT_OBJC_MSGSEND = YES;
				GCC_C_LANGUAGE_STANDARD = gnu99;
				GCC_NO_COMMON_BLOCKS = YES;
				GCC_WARN_64_TO_32_BIT_CONVERSION = YES;
				GCC_WARN_ABOUT_RETURN_TYPE = YES_ERROR;
				GCC_WARN_UNDECLARED_SELECTOR = YES;
				GCC_WARN_UNINITIALIZED_AUTOS = YES_AGGRESSIVE;
				GCC_WARN_UNUSED_FUNCTION = YES;
				GCC_WARN_UNUSED_VARIABLE = YES;
				IPHONEOS_DEPLOYMENT_TARGET = 9.2;
				MTL_ENABLE_DEBUG_INFO = NO;
				SDKROOT = iphoneos;
				TARGETED_DEVICE_FAMILY = "1,2";
				VALIDATE_PRODUCT = YES;
			};
			name = Release;
		};
		ED0EAEA71C128D5900D56DED /* Debug */ = {
			isa = XCBuildConfiguration;
			buildSettings = {
				ASSETCATALOG_COMPILER_APPICON_NAME = AppIcon;
				INFOPLIST_FILE = HamburguesasEnElMundo/Info.plist;
				LD_RUNPATH_SEARCH_PATHS = "$(inherited) @executable_path/Frameworks";
				PRODUCT_BUNDLE_IDENTIFIER = com.au.klunx.HamburguesasEnElMundo;
				PRODUCT_NAME = "$(TARGET_NAME)";
			};
			name = Debug;
		};
		ED0EAEA81C128D5900D56DED /* Release */ = {
			isa = XCBuildConfiguration;
			buildSettings = {
				ASSETCATALOG_COMPILER_APPICON_NAME = AppIcon;
				INFOPLIST_FILE = HamburguesasEnElMundo/Info.plist;
				LD_RUNPATH_SEARCH_PATHS = "$(inherited) @executable_path/Frameworks";
				PRODUCT_BUNDLE_IDENTIFIER = com.au.klunx.HamburguesasEnElMundo;
				PRODUCT_NAME = "$(TARGET_NAME)";
			};
			name = Release;
		};
/* End XCBuildConfiguration section */

/* Begin XCConfigurationList section */
		ED0EAE8F1C128D5900D56DED /* Build configuration list for PBXProject "HamburguesasEnElMundo" */ = {
			isa = XCConfigurationList;
			buildConfigurations = (
				ED0EAEA41C128D5900D56DED /* Debug */,
				ED0EAEA51C128D5900D56DED /* Release */,
			);
			defaultConfigurationIsVisible = 0;
			defaultConfigurationName = Release;
		};
		ED0EAEA61C128D5900D56DED /* Build configuration list for PBXNativeTarget "HamburguesasEnElMundo" */ = {
			isa = XCConfigurationList;
			buildConfigurations = (
				ED0EAEA71C128D5900D56DED /* Debug */,
				ED0EAEA81C128D5900D56DED /* Release */,
			);
			defaultConfigurationIsVisible = 0;
		};
/* End XCConfigurationList section */
	};
	rootObject = ED0EAE8C1C128D5900D56DED /* Project object */;
}
